{
  "name": "paul4156-client",
  "version": "1.0.0",
  "lockfileVersion": 3,
  "requires": true,
  "packages": {
    "": {
      "name": "paul4156-client",
      "version": "1.0.0",
      "license": "MIT",
      "dependencies": {
        "paul4156-base": "^2.0.0",
        "paul4156-server": "^1.0.0"
      }
    },
    "node_modules/paul4156-base": {
      "version": "2.0.0",
      "resolved": "https://registry.npmjs.org/paul4156-base/-/paul4156-base-2.0.0.tgz",
      "integrity": "sha512-5VSFhXPjqZp40Q2aUD70fxxEuZdtD7gpthkyAKaTt5ed4dVYBAUmCuxjjkkCKcuzneeSnuukbkgyaThmhsQP0g=="
    },
    "node_modules/paul4156-server": {
      "version": "1.0.0",
      "resolved": "https://registry.npmjs.org/paul4156-server/-/paul4156-server-1.0.0.tgz",
      "integrity": "sha512-fiDak4tfKi2J4ZvVTV8N4N/+Gp+/qNj4HMesqE53IG4GJHIiruZqD+ILFn2PVN7LTvTebRQDBSML88ah092Jnw==",
      "dependencies": {
        "paul4156-base": "^1.0.1"
      }
    },
    "node_modules/paul4156-server/node_modules/paul4156-base": {
      "version": "1.0.1",
      "resolved": "https://registry.npmjs.org/paul4156-base/-/paul4156-base-1.0.1.tgz",
      "integrity": "sha512-7J5L46N31pg8fRGQnn82yn8P9WtKH5kVIXOTYe9C5ukyaoKPF6m1+Q+9SXSCvEkKmCYDkuwizNpsNJSHBEzCSA=="
    }
  }
}
