{
  "name": "paul4156-client",
  "version": "1.0.0",
  "lockfileVersion": 3,
  "requires": true,
  "packages": {
    "": {
      "name": "paul4156-client",
      "version": "1.0.0",
      "license": "MIT",
      "dependencies": {
        "paul4156-base": "^2.1.0",
        "paul4156-server": "^3.0.0"
      }
    },
    "node_modules/paul4156-base": {
      "version": "2.1.0",
      "resolved": "https://registry.npmjs.org/paul4156-base/-/paul4156-base-2.1.0.tgz",
      "integrity": "sha512-puxRP6felUHWbwDuihITR3fGWu/FwYRdUQ54owJy6a61He3EAaMFxLHUKX9FNeaxLZj5pWhK4RJsYrBh4+lF0A=="
    },
    "node_modules/paul4156-server": {
      "version": "3.0.0",
      "resolved": "https://registry.npmjs.org/paul4156-server/-/paul4156-server-3.0.0.tgz",
      "integrity": "sha512-DUHk6hjrGVmG6h7q28Fp7BdW8pRl+O4yk4G/0+bxACy8SZZTowWIf/uM8zMTQokYtBUep15rANEUS6b10o6tFA==",
      "dependencies": {
        "paul4156-base": "2.0.0"
      }
    },
    "node_modules/paul4156-server/node_modules/paul4156-base": {
      "version": "2.0.0",
      "resolved": "https://registry.npmjs.org/paul4156-base/-/paul4156-base-2.0.0.tgz",
      "integrity": "sha512-5VSFhXPjqZp40Q2aUD70fxxEuZdtD7gpthkyAKaTt5ed4dVYBAUmCuxjjkkCKcuzneeSnuukbkgyaThmhsQP0g=="
    }
  }
}
